{
  "nodes": {
    "nix-ada": {
      "inputs": {
        "nixpkgs": "nixpkgs"
      },
      "locked": {
        "lastModified": 1737282082,
        "narHash": "sha256-XCpD72YHErwHSk4utcYJwKqvllbyl5JrN9q4bM573Yg=",
        "owner": "andrewathalye",
        "repo": "nix-ada",
        "rev": "c883e52bdd01cb710bc77b958fa7cc5e3c3f00e5",
        "type": "github"
      },
      "original": {
        "owner": "andrewathalye",
        "repo": "nix-ada",
        "type": "github"
      }
    },
    "nixpkgs": {
      "locked": {
        "lastModified": 1737029576,
        "narHash": "sha256-GB9hOASuX0RKqSu5JARXSkc8h2cuZIKF3REX0eplh7E=",
        "owner": "NixOS",
        "repo": "nixpkgs",
        "rev": "310c5c4d3fd457d80365f52c71ac80b9d54a7cc4",
        "type": "github"
      },
      "original": {
        "owner": "NixOS",
        "repo": "nixpkgs",
        "rev": "310c5c4d3fd457d80365f52c71ac80b9d54a7cc4",
        "type": "github"
      }
    },
    "nixpkgs_2": {
      "locked": {
        "lastModified": 1748026580,
        "narHash": "sha256-rWtXrcIzU5wm/C8F9LWvUfBGu5U5E7cFzPYT1pHIJaQ=",
        "owner": "NixOS",
        "repo": "nixpkgs",
        "rev": "11cb3517b3af6af300dd6c055aeda73c9bf52c48",
        "type": "github"
      },
      "original": {
        "owner": "NixOS",
        "ref": "25.05",
        "repo": "nixpkgs",
        "type": "github"
      }
    },
    "root": {
      "inputs": {
        "nix-ada": "nix-ada",
        "rsyntaxtree-nix": "rsyntaxtree-nix"
      }
    },
    "rsyntaxtree-nix": {
      "inputs": {
        "nixpkgs": "nixpkgs_2"
      },
      "locked": {
        "lastModified": 1757124239,
        "narHash": "sha256-TQL46yMBpuZyZ+1hiJkXK415SPedfT6deDPvybX8vzg=",
        "owner": "andrewathalye",
        "repo": "rsyntaxtree-nix",
        "rev": "e40568fb47d8ddc596553a678107434c8cadb26c",
        "type": "github"
      },
      "original": {
        "owner": "andrewathalye",
        "repo": "rsyntaxtree-nix",
        "type": "github"
      }
    }
  },
  "root": "root",
  "version": 7
}
